
Microsoft Visual Studio Solution File, Format Version 12.00
# Visual Studio 14
VisualStudioVersion = 14.0.25123.0
MinimumVisualStudioVersion = 10.0.40219.1
Project("{FAE04EC0-301F-11D3-BF4B-00C04F79EFBC}") = "EchoServer", "EchoServer\EchoServer.csproj", "{65297A41-E7BB-4296-8CB9-3D637443B345}"
EndProject
Project("{FAE04EC0-301F-11D3-BF4B-00C04F79EFBC}") = "EchoClient", "EchoClient\EchoClient.csproj", "{1E76B4E8-45F4-4260-8F74-E2B14CA1098B}"
EndProject
Global
	GlobalSection(SolutionConfigurationPlatforms) = preSolution
		Debug|Any CPU = Debug|Any CPU
		Release|Any CPU = Release|Any CPU
	EndGlobalSection
	GlobalSection(ProjectConfigurationPlatforms) = postSolution
		{65297A41-E7BB-4296-8CB9-3D637443B345}.Debug|Any CPU.ActiveCfg = Debug|Any CPU
		{65297A41-E7BB-4296-8CB9-3D637443B345}.Debug|Any CPU.Build.0 = Debug|Any CPU
		{65297A41-E7BB-4296-8CB9-3D637443B345}.Release|Any CPU.ActiveCfg = Release|Any CPU
		{65297A41-E7BB-4296-8CB9-3D637443B345}.Release|Any CPU.Build.0 = Release|Any CPU
		{1E76B4E8-45F4-4260-8F74-E2B14CA1098B}.Debug|Any CPU.ActiveCfg = Debug|Any CPU
		{1E76B4E8-45F4-4260-8F74-E2B14CA1098B}.Debug|Any CPU.Build.0 = Debug|Any CPU
		{1E76B4E8-45F4-4260-8F74-E2B14CA1098B}.Release|Any CPU.ActiveCfg = Release|Any CPU
		{1E76B4E8-45F4-4260-8F74-E2B14CA1098B}.Release|Any CPU.Build.0 = Release|Any CPU
	EndGlobalSection
	GlobalSection(SolutionProperties) = preSolution
		HideSolutionNode = FALSE
	EndGlobalSection
EndGlobal
